
Microsoft Visual Studio Solution File, Format Version 12.00
# Visual Studio Version 17
VisualStudioVersion = 17.4.33213.308
MinimumVisualStudioVersion = 10.0.40219.1
Project("{FAE04EC0-301F-11D3-BF4B-00C04F79EFBC}") = "Doctor'sOffice", "Doctor'sOffice\Doctor'sOffice.csproj", "{D32F4926-BA49-45D1-9A2B-CB9C221466CC}"
EndProject
Global
	GlobalSection(SolutionConfigurationPlatforms) = preSolution
		Debug|Any CPU = Debug|Any CPU
		Release|Any CPU = Release|Any CPU
	EndGlobalSection
	GlobalSection(ProjectConfigurationPlatforms) = postSolution
		{D32F4926-BA49-45D1-9A2B-CB9C221466CC}.Debug|Any CPU.ActiveCfg = Debug|Any CPU
		{D32F4926-BA49-45D1-9A2B-CB9C221466CC}.Debug|Any CPU.Build.0 = Debug|Any CPU
		{D32F4926-BA49-45D1-9A2B-CB9C221466CC}.Release|Any CPU.ActiveCfg = Release|Any CPU
		{D32F4926-BA49-45D1-9A2B-CB9C221466CC}.Release|Any CPU.Build.0 = Release|Any CPU
	EndGlobalSection
	GlobalSection(SolutionProperties) = preSolution
		HideSolutionNode = FALSE
	EndGlobalSection
	GlobalSection(ExtensibilityGlobals) = postSolution
		SolutionGuid = {FD76707F-1E0B-4FE3-A7A2-2C38E14F994E}
	EndGlobalSection
EndGlobal
